// !$*UTF8*$!
{
	archiveVersion = 1;
	classes = {
	};
	objectVersion = 50;
	objects = {

/* Begin PBXBuildFile section */
		BFC426EF26327BC2006D766E /* AppDelegate.swift in Sources */ = {isa = PBXBuildFile; fileRef = BFC426EE26327BC2006D766E /* AppDelegate.swift */; };
		BFC426F126327BC2006D766E /* SceneDelegate.swift in Sources */ = {isa = PBXBuildFile; fileRef = BFC426F026327BC2006D766E /* SceneDelegate.swift */; };
		BFC426F326327BC2006D766E /* ViewController.swift in Sources */ = {isa = PBXBuildFile; fileRef = BFC426F226327BC2006D766E /* ViewController.swift */; };
		BFC426F626327BC2006D766E /* Main.storyboard in Resources */ = {isa = PBXBuildFile; fileRef = BFC426F426327BC2006D766E /* Main.storyboard */; };
		BFC426F826327BC4006D766E /* Assets.xcassets in Resources */ = {isa = PBXBuildFile; fileRef = BFC426F726327BC4006D766E /* Assets.xcassets */; };
		BFC426FB26327BC4006D766E /* LaunchScreen.storyboard in Resources */ = {isa = PBXBuildFile; fileRef = BFC426F926327BC4006D766E /* LaunchScreen.storyboard */; };
		BFC4270C26327D28006D766E /* AEShowToRGBController.swift in Sources */ = {isa = PBXBuildFile; fileRef = BFC4270B26327D28006D766E /* AEShowToRGBController.swift */; };
		BFC4271026328F03006D766E /* AECapturedTools.swift in Sources */ = {isa = PBXBuildFile; fileRef = BFC4270F26328F03006D766E /* AECapturedTools.swift */; };
		BFC427152632972B006D766E /* AECapturedTools_OC.m in Sources */ = {isa = PBXBuildFile; fileRef = BFC427142632972B006D766E /* AECapturedTools_OC.m */; };
/* End PBXBuildFile section */

/* Begin PBXFileReference section */
		BFC426EB26327BC2006D766E /* ARKit-Project.app */ = {isa = PBXFileReference; explicitFileType = wrapper.application; includeInIndex = 0; path = "ARKit-Project.app"; sourceTree = BUILT_PRODUCTS_DIR; };
		BFC426EE26327BC2006D766E /* AppDelegate.swift */ = {isa = PBXFileReference; lastKnownFileType = sourcecode.swift; path = AppDelegate.swift; sourceTree = "<group>"; };
		BFC426F026327BC2006D766E /* SceneDelegate.swift */ = {isa = PBXFileReference; lastKnownFileType = sourcecode.swift; path = SceneDelegate.swift; sourceTree = "<group>"; };
		BFC426F226327BC2006D766E /* ViewController.swift */ = {isa = PBXFileReference; lastKnownFileType = sourcecode.swift; path = ViewController.swift; sourceTree = "<group>"; };
		BFC426F526327BC2006D766E /* Base */ = {isa = PBXFileReference; lastKnownFileType = file.storyboard; name = Base; path = Base.lproj/Main.storyboard; sourceTree = "<group>"; };
		BFC426F726327BC4006D766E /* Assets.xcassets */ = {isa = PBXFileReference; lastKnownFileType = folder.assetcatalog; path = Assets.xcassets; sourceTree = "<group>"; };
		BFC426FA26327BC4006D766E /* Base */ = {isa = PBXFileReference; lastKnownFileType = file.storyboard; name = Base; path = Base.lproj/LaunchScreen.storyboard; sourceTree = "<group>"; };
		BFC426FC26327BC4006D766E /* Info.plist */ = {isa = PBXFileReference; lastKnownFileType = text.plist.xml; path = Info.plist; sourceTree = "<group>"; };
		BFC4270B26327D28006D766E /* AEShowToRGBController.swift */ = {isa = PBXFileReference; lastKnownFileType = sourcecode.swift; path = AEShowToRGBController.swift; sourceTree = "<group>"; };
		BFC4270F26328F03006D766E /* AECapturedTools.swift */ = {isa = PBXFileReference; lastKnownFileType = sourcecode.swift; path = AECapturedTools.swift; sourceTree = "<group>"; };
		BFC427122632972A006D766E /* ARKit-Project-Bridging-Header.h */ = {isa = PBXFileReference; lastKnownFileType = sourcecode.c.h; path = "ARKit-Project-Bridging-Header.h"; sourceTree = "<group>"; };
		BFC427132632972B006D766E /* AECapturedTools_OC.h */ = {isa = PBXFileReference; lastKnownFileType = sourcecode.c.h; path = AECapturedTools_OC.h; sourceTree = "<group>"; };
		BFC427142632972B006D766E /* AECapturedTools_OC.m */ = {isa = PBXFileReference; lastKnownFileType = sourcecode.c.objc; path = AECapturedTools_OC.m; sourceTree = "<group>"; };
/* End PBXFileReference section */

/* Begin PBXFrameworksBuildPhase section */
		BFC426E826327BC2006D766E /* Frameworks */ = {
			isa = PBXFrameworksBuildPhase;
			buildActionMask = 2147483647;
			files = (
			);
			runOnlyForDeploymentPostprocessing = 0;
		};
/* End PBXFrameworksBuildPhase section */

/* Begin PBXGroup section */
		BFC426E226327BC2006D766E = {
			isa = PBXGroup;
			children = (
				BFC426ED26327BC2006D766E /* ARKit-Project */,
				BFC426EC26327BC2006D766E /* Products */,
			);
			sourceTree = "<group>";
		};
		BFC426EC26327BC2006D766E /* Products */ = {
			isa = PBXGroup;
			children = (
				BFC426EB26327BC2006D766E /* ARKit-Project.app */,
			);
			name = Products;
			sourceTree = "<group>";
		};
		BFC426ED26327BC2006D766E /* ARKit-Project */ = {
			isa = PBXGroup;
			children = (
				BFC426FC26327BC4006D766E /* Info.plist */,
				BFC426F926327BC4006D766E /* LaunchScreen.storyboard */,
				BFC426F726327BC4006D766E /* Assets.xcassets */,
				BFC426F426327BC2006D766E /* Main.storyboard */,
				BFC426F226327BC2006D766E /* ViewController.swift */,
				BFC426F026327BC2006D766E /* SceneDelegate.swift */,
				BFC426EE26327BC2006D766E /* AppDelegate.swift */,
				BFC4270526327CE7006D766E /* YUAToRGB */,
			);
			path = "ARKit-Project";
			sourceTree = "<group>";
		};
		BFC4270526327CE7006D766E /* YUAToRGB */ = {
			isa = PBXGroup;
			children = (
				BFC4270B26327D28006D766E /* AEShowToRGBController.swift */,
				BFC4270F26328F03006D766E /* AECapturedTools.swift */,
				BFC427132632972B006D766E /* AECapturedTools_OC.h */,
				BFC427142632972B006D766E /* AECapturedTools_OC.m */,
				BFC427122632972A006D766E /* ARKit-Project-Bridging-Header.h */,
			);
			path = YUAToRGB;
			sourceTree = "<group>";
		};
/* End PBXGroup section */

/* Begin PBXNativeTarget section */
		BFC426EA26327BC2006D766E /* ARKit-Project */ = {
			isa = PBXNativeTarget;
			buildConfigurationList = BFC426FF26327BC4006D766E /* Build configuration list for PBXNativeTarget "ARKit-Project" */;
			buildPhases = (
				BFC426E726327BC2006D766E /* Sources */,
				BFC426E826327BC2006D766E /* Frameworks */,
				BFC426E926327BC2006D766E /* Resources */,
			);
			buildRules = (
			);
			dependencies = (
			);
			name = "ARKit-Project";
			productName = "ARKit-Project";
			productReference = BFC426EB26327BC2006D766E /* ARKit-Project.app */;
			productType = "com.apple.product-type.application";
		};
/* End PBXNativeTarget section */

/* Begin PBXProject section */
		BFC426E326327BC2006D766E /* Project object */ = {
			isa = PBXProject;
			attributes = {
				LastSwiftUpdateCheck = 1240;
				LastUpgradeCheck = 1240;
				TargetAttributes = {
					BFC426EA26327BC2006D766E = {
						CreatedOnToolsVersion = 12.4;
						LastSwiftMigration = 1240;
					};
				};
			};
			buildConfigurationList = BFC426E626327BC2006D766E /* Build configuration list for PBXProject "ARKit-Project" */;
			compatibilityVersion = "Xcode 9.3";
			developmentRegion = en;
			hasScannedForEncodings = 0;
			knownRegions = (
				en,
				Base,
			);
			mainGroup = BFC426E226327BC2006D766E;
			productRefGroup = BFC426EC26327BC2006D766E /* Products */;
			projectDirPath = "";
			projectRoot = "";
			targets = (
				BFC426EA26327BC2006D766E /* ARKit-Project */,
			);
		};
/* End PBXProject section */

/* Begin PBXResourcesBuildPhase section */
		BFC426E926327BC2006D766E /* Resources */ = {
			isa = PBXResourcesBuildPhase;
			buildActionMask = 2147483647;
			files = (
				BFC426FB26327BC4006D766E /* LaunchScreen.storyboard in Resources */,
				BFC426F826327BC4006D766E /* Assets.xcassets in Resources */,
				BFC426F626327BC2006D766E /* Main.storyboard in Resources */,
			);
			runOnlyForDeploymentPostprocessing = 0;
		};
/* End PBXResourcesBuildPhase section */

/* Begin PBXSourcesBuildPhase section */
		BFC426E726327BC2006D766E /* Sources */ = {
			isa = PBXSourcesBuildPhase;
			buildActionMask = 2147483647;
			files = (
				BFC426F326327BC2006D766E /* ViewController.swift in Sources */,
				BFC427152632972B006D766E /* AECapturedTools_OC.m in Sources */,
				BFC4271026328F03006D766E /* AECapturedTools.swift in Sources */,
				BFC426EF26327BC2006D766E /* AppDelegate.swift in Sources */,
				BFC426F126327BC2006D766E /* SceneDelegate.swift in Sources */,
				BFC4270C26327D28006D766E /* AEShowToRGBController.swift in Sources */,
			);
			runOnlyForDeploymentPostprocessing = 0;
		};
/* End PBXSourcesBuildPhase section */

/* Begin PBXVariantGroup section */
		BFC426F426327BC2006D766E /* Main.storyboard */ = {
			isa = PBXVariantGroup;
			children = (
				BFC426F526327BC2006D766E /* Base */,
			);
			name = Main.storyboard;
			sourceTree = "<group>";
		};
		BFC426F926327BC4006D766E /* LaunchScreen.storyboard */ = {
			isa = PBXVariantGroup;
			children = (
				BFC426FA26327BC4006D766E /* Base */,
			);
			name = LaunchScreen.storyboard;
			sourceTree = "<group>";
		};
/* End PBXVariantGroup section */

/* Begin XCBuildConfiguration section */
		BFC426FD26327BC4006D766E /* Debug */ = {
			isa = XCBuildConfiguration;
			buildSettings = {
				ALWAYS_SEARCH_USER_PATHS = NO;
				CLANG_ANALYZER_NONNULL = YES;
				CLANG_ANALYZER_NUMBER_OBJECT_CONVERSION = YES_AGGRESSIVE;
				CLANG_CXX_LANGUAGE_STANDARD = "gnu++14";
				CLANG_CXX_LIBRARY = "libc++";
				CLANG_ENABLE_MODULES = YES;
				CLANG_ENABLE_OBJC_ARC = YES;
				CLANG_ENABLE_OBJC_WEAK = YES;
				CLANG_WARN_BLOCK_CAPTURE_AUTORELEASING = YES;
				CLANG_WARN_BOOL_CONVERSION = YES;
				CLANG_WARN_COMMA = YES;
				CLANG_WARN_CONSTANT_CONVERSION = YES;
				CLANG_WARN_DEPRECATED_OBJC_IMPLEMENTATIONS = YES;
				CLANG_WARN_DIRECT_OBJC_ISA_USAGE = YES_ERROR;
				CLANG_WARN_DOCUMENTATION_COMMENTS = YES;
				CLANG_WARN_EMPTY_BODY = YES;
				CLANG_WARN_ENUM_CONVERSION = YES;
				CLANG_WARN_INFINITE_RECURSION = YES;
				CLANG_WARN_INT_CONVERSION = YES;
				CLANG_WARN_NON_LITERAL_NULL_CONVERSION = YES;
				CLANG_WARN_OBJC_IMPLICIT_RETAIN_SELF = YES;
				CLANG_WARN_OBJC_LITERAL_CONVERSION = YES;
				CLANG_WARN_OBJC_ROOT_CLASS = YES_ERROR;
				CLANG_WARN_QUOTED_INCLUDE_IN_FRAMEWORK_HEADER = YES;
				CLANG_WARN_RANGE_LOOP_ANALYSIS = YES;
				CLANG_WARN_STRICT_PROTOTYPES = YES;
				CLANG_WARN_SUSPICIOUS_MOVE = YES;
				CLANG_WARN_UNGUARDED_AVAILABILITY = YES_AGGRESSIVE;
				CLANG_WARN_UNREACHABLE_CODE = YES;
				CLANG_WARN__DUPLICATE_METHOD_MATCH = YES;
				COPY_PHASE_STRIP = NO;
				DEBUG_INFORMATION_FORMAT = dwarf;
				ENABLE_STRICT_OBJC_MSGSEND = YES;
				ENABLE_TESTABILITY = YES;
				GCC_C_LANGUAGE_STANDARD = gnu11;
				GCC_DYNAMIC_NO_PIC = NO;
				GCC_NO_COMMON_BLOCKS = YES;
				GCC_OPTIMIZATION_LEVEL = 0;
				GCC_PREPROCESSOR_DEFINITIONS = (
					"DEBUG=1",
					"$(inherited)",
				);
				GCC_WARN_64_TO_32_BIT_CONVERSION = YES;
				GCC_WARN_ABOUT_RETURN_TYPE = YES_ERROR;
				GCC_WARN_UNDECLARED_SELECTOR = YES;
				GCC_WARN_UNINITIALIZED_AUTOS = YES_AGGRESSIVE;
				GCC_WARN_UNUSED_FUNCTION = YES;
				GCC_WARN_UNUSED_VARIABLE = YES;
				IPHONEOS_DEPLOYMENT_TARGET = 14.4;
				MTL_ENABLE_DEBUG_INFO = INCLUDE_SOURCE;
				MTL_FAST_MATH = YES;
				ONLY_ACTIVE_ARCH = YES;
				SDKROOT = iphoneos;
				SWIFT_ACTIVE_COMPILATION_CONDITIONS = DEBUG;
				SWIFT_OPTIMIZATION_LEVEL = "-Onone";
			};
			name = Debug;
		};
		BFC426FE26327BC4006D766E /* Release */ = {
			isa = XCBuildConfiguration;
			buildSettings = {
				ALWAYS_SEARCH_USER_PATHS = NO;
				CLANG_ANALYZER_NONNULL = YES;
				CLANG_ANALYZER_NUMBER_OBJECT_CONVERSION = YES_AGGRESSIVE;
				CLANG_CXX_LANGUAGE_STANDARD = "gnu++14";
				CLANG_CXX_LIBRARY = "libc++";
				CLANG_ENABLE_MODULES = YES;
				CLANG_ENABLE_OBJC_ARC = YES;
				CLANG_ENABLE_OBJC_WEAK = YES;
				CLANG_WARN_BLOCK_CAPTURE_AUTORELEASING = YES;
				CLANG_WARN_BOOL_CONVERSION = YES;
				CLANG_WARN_COMMA = YES;
				CLANG_WARN_CONSTANT_CONVERSION = YES;
				CLANG_WARN_DEPRECATED_OBJC_IMPLEMENTATIONS = YES;
				CLANG_WARN_DIRECT_OBJC_ISA_USAGE = YES_ERROR;
				CLANG_WARN_DOCUMENTATION_COMMENTS = YES;
				CLANG_WARN_EMPTY_BODY = YES;
				CLANG_WARN_ENUM_CONVERSION = YES;
				CLANG_WARN_INFINITE_RECURSION = YES;
				CLANG_WARN_INT_CONVERSION = YES;
				CLANG_WARN_NON_LITERAL_NULL_CONVERSION = YES;
				CLANG_WARN_OBJC_IMPLICIT_RETAIN_SELF = YES;
				CLANG_WARN_OBJC_LITERAL_CONVERSION = YES;
				CLANG_WARN_OBJC_ROOT_CLASS = YES_ERROR;
				CLANG_WARN_QUOTED_INCLUDE_IN_FRAMEWORK_HEADER = YES;
				CLANG_WARN_RANGE_LOOP_ANALYSIS = YES;
				CLANG_WARN_STRICT_PROTOTYPES = YES;
				CLANG_WARN_SUSPICIOUS_MOVE = YES;
				CLANG_WARN_UNGUARDED_AVAILABILITY = YES_AGGRESSIVE;
				CLANG_WARN_UNREACHABLE_CODE = YES;
				CLANG_WARN__DUPLICATE_METHOD_MATCH = YES;
				COPY_PHASE_STRIP = NO;
				DEBUG_INFORMATION_FORMAT = "dwarf-with-dsym";
				ENABLE_NS_ASSERTIONS = NO;
				ENABLE_STRICT_OBJC_MSGSEND = YES;
				GCC_C_LANGUAGE_STANDARD = gnu11;
				GCC_NO_COMMON_BLOCKS = YES;
				GCC_WARN_64_TO_32_BIT_CONVERSION = YES;
				GCC_WARN_ABOUT_RETURN_TYPE = YES_ERROR;
				GCC_WARN_UNDECLARED_SELECTOR = YES;
				GCC_WARN_UNINITIALIZED_AUTOS = YES_AGGRESSIVE;
				GCC_WARN_UNUSED_FUNCTION = YES;
				GCC_WARN_UNUSED_VARIABLE = YES;
				IPHONEOS_DEPLOYMENT_TARGET = 14.4;
				MTL_ENABLE_DEBUG_INFO = NO;
				MTL_FAST_MATH = YES;
				SDKROOT = iphoneos;
				SWIFT_COMPILATION_MODE = wholemodule;
				SWIFT_OPTIMIZATION_LEVEL = "-O";
				VALIDATE_PRODUCT = YES;
			};
			name = Release;
		};
		BFC4270026327BC4006D766E /* Debug */ = {
			isa = XCBuildConfiguration;
			buildSettings = {
				ASSETCATALOG_COMPILER_APPICON_NAME = AppIcon;
				ASSETCATALOG_COMPILER_GLOBAL_ACCENT_COLOR_NAME = AccentColor;
				CLANG_ENABLE_MODULES = YES;
				CODE_SIGN_STYLE = Automatic;
				DEVELOPMENT_TEAM = D5M8CJ9NDR;
				INFOPLIST_FILE = "ARKit-Project/Info.plist";
				LD_RUNPATH_SEARCH_PATHS = (
					"$(inherited)",
					"@executable_path/Frameworks",
				);
				PRODUCT_BUNDLE_IDENTIFIER = "com.allen.ARKit-Project";
				PRODUCT_NAME = "$(TARGET_NAME)";
				SWIFT_OBJC_BRIDGING_HEADER = "ARKit-Project/YUAToRGB/ARKit-Project-Bridging-Header.h";
				SWIFT_OPTIMIZATION_LEVEL = "-Onone";
				SWIFT_VERSION = 5.0;
				TARGETED_DEVICE_FAMILY = 1;
			};
			name = Debug;
		};
		BFC4270126327BC4006D766E /* Release */ = {
			isa = XCBuildConfiguration;
			buildSettings = {
				ASSETCATALOG_COMPILER_APPICON_NAME = AppIcon;
				ASSETCATALOG_COMPILER_GLOBAL_ACCENT_COLOR_NAME = AccentColor;
				CLANG_ENABLE_MODULES = YES;
				CODE_SIGN_STYLE = Automatic;
				DEVELOPMENT_TEAM = D5M8CJ9NDR;
				INFOPLIST_FILE = "ARKit-Project/Info.plist";
				LD_RUNPATH_SEARCH_PATHS = (
					"$(inherited)",
					"@executable_path/Frameworks",
				);
				PRODUCT_BUNDLE_IDENTIFIER = "com.allen.ARKit-Project";
				PRODUCT_NAME = "$(TARGET_NAME)";
				SWIFT_OBJC_BRIDGING_HEADER = "ARKit-Project/YUAToRGB/ARKit-Project-Bridging-Header.h";
				SWIFT_VERSION = 5.0;
				TARGETED_DEVICE_FAMILY = 1;
			};
			name = Release;
		};
/* End XCBuildConfiguration section */

/* Begin XCConfigurationList section */
		BFC426E626327BC2006D766E /* Build configuration list for PBXProject "ARKit-Project" */ = {
			isa = XCConfigurationList;
			buildConfigurations = (
				BFC426FD26327BC4006D766E /* Debug */,
				BFC426FE26327BC4006D766E /* Release */,
			);
			defaultConfigurationIsVisible = 0;
			defaultConfigurationName = Release;
		};
		BFC426FF26327BC4006D766E /* Build configuration list for PBXNativeTarget "ARKit-Project" */ = {
			isa = XCConfigurationList;
			buildConfigurations = (
				BFC4270026327BC4006D766E /* Debug */,
				BFC4270126327BC4006D766E /* Release */,
			);
			defaultConfigurationIsVisible = 0;
			defaultConfigurationName = Release;
		};
/* End XCConfigurationList section */
	};
	rootObject = BFC426E326327BC2006D766E /* Project object */;
}
